<?xml version="1.0" encoding="utf-8"?>
<Project ToolsVersion="4.0" xmlns="http://schemas.microsoft.com/developer/msbuild/2003">
  <ItemGroup>
    <Filter Include="Source Files">
      <UniqueIdentifier>{4FC737F1-C7A5-4376-A066-2A32D752A2FF}</UniqueIdentifier>
      <Extensions>cpp;c;cc;cxx;def;odl;idl;hpj;bat;asm;asmx</Extensions>
    </Filter>
    <Filter Include="Header Files">
      <UniqueIdentifier>{93995380-89BD-4b04-88EB-625FBE52EBFB}</UniqueIdentifier>
      <Extensions>h;hh;hpp;hxx;hm;inl;inc;xsd</Extensions>
    </Filter>
    <Filter Include="Resource Files">
      <UniqueIdentifier>{67DA6AB6-F800-4c08-8B7A-83BB121AAD01}</UniqueIdentifier>
      <Extensions>rc;ico;cur;bmp;dlg;rc2;rct;bin;rgs;gif;jpg;jpeg;jpe;resx;tiff;tif;png;wav;mfcribbon-ms</Extensions>
    </Filter>
    <Filter Include="Header Files\sys">
      <UniqueIdentifier>{bae7405b-8c78-4d6f-a809-c39c193732aa}</UniqueIdentifier>
    </Filter>
    <Filter Include="Header Files\net">
      <UniqueIdentifier>{89c236e1-16e3-4577-ac21-8c1d718c51d5}</UniqueIdentifier>
    </Filter>
    <Filter Include="Header Files\netinet">
      <UniqueIdentifier>{794f451b-6da6-4c7c-aa28-49b78510daaa}</UniqueIdentifier>
    </Filter>
    <Filter Include="Source Files\net">
      <UniqueIdentifier>{1961f1d8-bb8f-4a22-8040-f2c69327d564}</UniqueIdentifier>
    </Filter>
    <Filter Include="Source Files\netinet">
      <UniqueIdentifier>{0c231185-1363-4716-b0c9-f53883aa7411}</UniqueIdentifier>
    </Filter>
    <Filter Include="Header Files\hp300">
      <UniqueIdentifier>{03e15aba-e9d3-470a-9e33-6af884c37038}</UniqueIdentifier>
    </Filter>
    <Filter Include="Header Files\hp300\hp300">
      <UniqueIdentifier>{a17b420e-3325-4d64-82c4-92830a5fcc97}</UniqueIdentifier>
    </Filter>
    <Filter Include="Header Files\hp300\dev">
      <UniqueIdentifier>{fded9294-c4f0-4d97-b420-cab7319c7215}</UniqueIdentifier>
    </Filter>
    <Filter Include="Source Files\hp300">
      <UniqueIdentifier>{8d0fe522-c062-420a-b620-871d8615771b}</UniqueIdentifier>
    </Filter>
    <Filter Include="Source Files\hp300\dev">
      <UniqueIdentifier>{5da23864-9349-4063-a033-6bc9c983f253}</UniqueIdentifier>
    </Filter>
    <Filter Include="Source Files\kern">
      <UniqueIdentifier>{2d66d400-ed5d-48d2-9020-627462871997}</UniqueIdentifier>
    </Filter>
    <Filter Include="Header Files\test">
      <UniqueIdentifier>{b549f09b-2f36-4068-9fea-bc64cc447c8b}</UniqueIdentifier>
    </Filter>
    <Filter Include="Source Files\test">
      <UniqueIdentifier>{4ae1b888-2478-44f8-80b4-ee4b116a90cb}</UniqueIdentifier>
    </Filter>
    <Filter Include="Header Files\netiso">
      <UniqueIdentifier>{9ae7e10e-a6a2-4b33-9513-0f1fc316b8e7}</UniqueIdentifier>
    </Filter>
    <Filter Include="Source Files\netiso">
      <UniqueIdentifier>{a2df7deb-817e-4105-ae9b-7fe90fdf6b7a}</UniqueIdentifier>
    </Filter>
    <Filter Include="Header Files\hp300\include">
      <UniqueIdentifier>{709627c7-b8d1-418f-837b-aee1d6d11a6c}</UniqueIdentifier>
    </Filter>
    <Filter Include="Header Files\hp">
      <UniqueIdentifier>{3e54a41a-ac4b-4872-9ddf-e7c6a0ff9d19}</UniqueIdentifier>
    </Filter>
    <Filter Include="Header Files\hp\dev">
      <UniqueIdentifier>{c5dcd666-248a-44a8-8151-56acca4e23b4}</UniqueIdentifier>
    </Filter>
    <Filter Include="Source Files\stand">
      <UniqueIdentifier>{dda6f549-e419-4dba-bd86-f5d3fd560e2f}</UniqueIdentifier>
    </Filter>
    <Filter Include="Header Files\stand">
      <UniqueIdentifier>{f4eb0053-8aaf-4622-97e3-0008f4a3ea36}</UniqueIdentifier>
    </Filter>
    <Filter Include="Source Files\conf">
      <UniqueIdentifier>{bb9f878b-3c78-4b0f-8c18-009045661705}</UniqueIdentifier>
    </Filter>
    <Filter Include="Source Files\hp300\hp300">
      <UniqueIdentifier>{a05dfc20-d37c-495a-9d40-3a477d151845}</UniqueIdentifier>
    </Filter>
  </ItemGroup>
  <ItemGroup>
    <ClInclude Include="..\..\net\bpf.h">
      <Filter>Header Files\net</Filter>
    </ClInclude>
    <ClInclude Include="..\..\net\bpfdesc.h">
      <Filter>Header Files\net</Filter>
    </ClInclude>
    <ClInclude Include="..\..\net\if.h">
      <Filter>Header Files\net</Filter>
    </ClInclude>
    <ClInclude Include="..\..\net\if_arp.h">
      <Filter>Header Files\net</Filter>
    </ClInclude>
    <ClInclude Include="..\..\net\if_dl.h">
      <Filter>Header Files\net</Filter>
    </ClInclude>
    <ClInclude Include="..\..\net\if_slvar.h">
      <Filter>Header Files\net</Filter>
    </ClInclude>
    <ClInclude Include="..\..\net\if_types.h">
      <Filter>Header Files\net</Filter>
    </ClInclude>
    <ClInclude Include="..\..\net\slcompress.h">
      <Filter>Header Files\net</Filter>
    </ClInclude>
    <ClInclude Include="..\..\net\slip.h">
      <Filter>Header Files\net</Filter>
    </ClInclude>
    <ClInclude Include="..\..\netinet\if_ether.h">
      <Filter>Header Files\netinet</Filter>
    </ClInclude>
    <ClInclude Include="..\..\netinet\in.h">
      <Filter>Header Files\netinet</Filter>
    </ClInclude>
    <ClInclude Include="..\..\netinet\in_systm.h">
      <Filter>Header Files\netinet</Filter>
    </ClInclude>
    <ClInclude Include="..\..\netinet\in_var.h">
      <Filter>Header Files\netinet</Filter>
    </ClInclude>
    <ClInclude Include="..\..\netinet\ip.h">
      <Filter>Header Files\netinet</Filter>
    </ClInclude>
    <ClInclude Include="..\..\sys\cdefs.h">
      <Filter>Header Files\sys</Filter>
    </ClInclude>
    <ClInclude Include="..\..\sys\device.h">
      <Filter>Header Files\sys</Filter>
    </ClInclude>
    <ClInclude Include="..\..\sys\ioccom.h">
      <Filter>Header Files\sys</Filter>
    </ClInclude>
    <ClInclude Include="..\..\sys\malloc.h">
      <Filter>Header Files\sys</Filter>
    </ClInclude>
    <ClInclude Include="..\..\sys\mbuf.h">
      <Filter>Header Files\sys</Filter>
    </ClInclude>
    <ClInclude Include="..\..\sys\myalgo.h">
      <Filter>Header Files\sys</Filter>
    </ClInclude>
    <ClInclude Include="..\..\sys\select.h">
      <Filter>Header Files\sys</Filter>
    </ClInclude>
    <ClInclude Include="..\..\sys\socket.h">
      <Filter>Header Files\sys</Filter>
    </ClInclude>
    <ClInclude Include="..\..\sys\termios.h">
      <Filter>Header Files\sys</Filter>
    </ClInclude>
    <ClInclude Include="..\..\sys\time.h">
      <Filter>Header Files\sys</Filter>
    </ClInclude>
    <ClInclude Include="..\..\sys\tty.h">
      <Filter>Header Files\sys</Filter>
    </ClInclude>
    <ClInclude Include="..\..\sys\ttycom.h">
      <Filter>Header Files\sys</Filter>
    </ClInclude>
    <ClInclude Include="..\..\sys\ttydefaults.h">
      <Filter>Header Files\sys</Filter>
    </ClInclude>
    <ClInclude Include="..\..\sys\types.h">
      <Filter>Header Files\sys</Filter>
    </ClInclude>
    <ClInclude Include="..\..\hp300\hp300\isr.h">
      <Filter>Header Files\hp300\hp300</Filter>
    </ClInclude>
    <ClInclude Include="..\..\hp300\dev\device.h">
      <Filter>Header Files\hp300\dev</Filter>
    </ClInclude>
    <ClInclude Include="..\..\test.h">
      <Filter>Header Files\test</Filter>
    </ClInclude>
    <ClInclude Include="..\..\netiso\iso.h">
      <Filter>Header Files\netiso</Filter>
    </ClInclude>
    <ClInclude Include="..\..\netiso\iso_var.h">
      <Filter>Header Files\netiso</Filter>
    </ClInclude>
    <ClInclude Include="..\..\net\radix.h">
      <Filter>Header Files\net</Filter>
    </ClInclude>
    <ClInclude Include="..\..\net\route.h">
      <Filter>Header Files\net</Filter>
    </ClInclude>
    <ClInclude Include="..\..\sys\protosw.h">
      <Filter>Header Files\sys</Filter>
    </ClInclude>
    <ClInclude Include="..\..\sys\domain.h">
      <Filter>Header Files\sys</Filter>
    </ClInclude>
    <ClInclude Include="..\..\sys\proc.h">
      <Filter>Header Files\sys</Filter>
    </ClInclude>
    <ClInclude Include="..\..\sys\signal.h">
      <Filter>Header Files\sys</Filter>
    </ClInclude>
    <ClInclude Include="..\..\sys\ucred.h">
      <Filter>Header Files\sys</Filter>
    </ClInclude>
    <ClInclude Include="..\..\sys\errno.h">
      <Filter>Header Files\sys</Filter>
    </ClInclude>
    <ClInclude Include="..\..\sys\uio.h">
      <Filter>Header Files\sys</Filter>
    </ClInclude>
    <ClInclude Include="..\..\sys\resource.h">
      <Filter>Header Files\sys</Filter>
    </ClInclude>
    <ClInclude Include="..\..\sys\kernel.h">
      <Filter>Header Files\sys</Filter>
    </ClInclude>
    <ClInclude Include="..\..\hp300\include\endian.h">
      <Filter>Header Files\hp300\include</Filter>
    </ClInclude>
    <ClInclude Include="..\..\netinet\ip_var.h">
      <Filter>Header Files\netinet</Filter>
    </ClInclude>
    <ClInclude Include="..\..\sys\callout.h">
      <Filter>Header Files\sys</Filter>
    </ClInclude>
    <ClInclude Include="..\..\sys\dkstat.h">
      <Filter>Header Files\sys</Filter>
    </ClInclude>
    <ClInclude Include="..\..\sys\resourcevar.h">
      <Filter>Header Files\sys</Filter>
    </ClInclude>
    <ClInclude Include="..\..\sys\systm.h">
      <Filter>Header Files\sys</Filter>
    </ClInclude>
    <ClInclude Include="..\..\sys\syslog.h">
      <Filter>Header Files\sys</Filter>
    </ClInclude>
    <ClInclude Include="..\..\hp300\include\proc.h">
      <Filter>Header Files\hp300\include</Filter>
    </ClInclude>
    <ClInclude Include="..\..\hp300\dev\if_lereg.h">
      <Filter>Header Files\hp300\hp300</Filter>
    </ClInclude>
    <ClInclude Include="..\..\hp\iotypes.h">
      <Filter>Header Files\hp\dev</Filter>
    </ClInclude>
    <ClInclude Include="..\..\sys\sockio.h">
      <Filter>Header Files\sys</Filter>
    </ClInclude>
    <ClInclude Include="..\..\sys\fcntl.h">
      <Filter>Header Files\sys</Filter>
    </ClInclude>
    <ClInclude Include="..\..\sys\file.h">
      <Filter>Header Files\sys</Filter>
    </ClInclude>
    <ClInclude Include="..\..\sys\unistd.h">
      <Filter>Header Files\sys</Filter>
    </ClInclude>
    <ClInclude Include="..\..\sys\socketvar.h">
      <Filter>Header Files\sys</Filter>
    </ClInclude>
    <ClInclude Include="..\..\sys\ioctl.h">
      <Filter>Header Files\sys</Filter>
    </ClInclude>
    <ClInclude Include="..\..\sys\filio.h">
      <Filter>Header Files\sys</Filter>
    </ClInclude>
    <ClInclude Include="..\..\hp300\include\ansi.h">
      <Filter>Header Files\hp300\include</Filter>
    </ClInclude>
    <ClInclude Include="..\..\sys\stat.h">
      <Filter>Header Files\sys</Filter>
    </ClInclude>
    <ClInclude Include="..\..\hp300\include\param.h">
      <Filter>Header Files\hp300\include</Filter>
    </ClInclude>
    <ClInclude Include="..\..\hp300\include\psl.h">
      <Filter>Header Files\hp300\include</Filter>
    </ClInclude>
    <ClInclude Include="..\..\hp300\include\cpu.h">
      <Filter>Header Files\hp300\include</Filter>
    </ClInclude>
    <ClInclude Include="..\..\net\netisr.h">
      <Filter>Header Files\net</Filter>
    </ClInclude>
    <ClInclude Include="..\..\netinet\igmp.h">
      <Filter>Header Files\netinet</Filter>
    </ClInclude>
    <ClInclude Include="..\..\netinet\ip_icmp.h">
      <Filter>Header Files\netinet</Filter>
    </ClInclude>
    <ClInclude Include="..\..\netinet\tcp_timer.h">
      <Filter>Header Files\netinet</Filter>
    </ClInclude>
    <ClInclude Include="..\..\netinet\udp.h">
      <Filter>Header Files\netinet</Filter>
    </ClInclude>
    <ClInclude Include="..\..\netinet\udp_var.h">
      <Filter>Header Files\netinet</Filter>
    </ClInclude>
    <ClInclude Include="..\..\netinet\igmp_var.h">
      <Filter>Header Files\netinet</Filter>
    </ClInclude>
    <ClInclude Include="..\..\netinet\icmp_var.h">
      <Filter>Header Files\netinet</Filter>
    </ClInclude>
    <ClInclude Include="..\..\netinet\ip_mroute.h">
      <Filter>Header Files\netinet</Filter>
    </ClInclude>
    <ClInclude Include="..\..\netinet\tcp.h">
      <Filter>Header Files\netinet</Filter>
    </ClInclude>
    <ClInclude Include="..\..\netinet\tcp_debug.h">
      <Filter>Header Files\netinet</Filter>
    </ClInclude>
    <ClInclude Include="..\..\netinet\tcp_fsm.h">
      <Filter>Header Files\netinet</Filter>
    </ClInclude>
    <ClInclude Include="..\..\netinet\tcp_seq.h">
      <Filter>Header Files\netinet</Filter>
    </ClInclude>
    <ClInclude Include="..\..\netinet\tcp_var.h">
      <Filter>Header Files\netinet</Filter>
    </ClInclude>
    <ClInclude Include="..\..\netinet\tcpip.h">
      <Filter>Header Files\netinet</Filter>
    </ClInclude>
    <ClInclude Include="..\..\sys\sysctl.h">
      <Filter>Header Files\sys</Filter>
    </ClInclude>
    <ClInclude Include="..\..\sys\buf.h">
      <Filter>Header Files\sys</Filter>
    </ClInclude>
    <ClInclude Include="..\..\sys\msgbuf.h">
      <Filter>Header Files\sys</Filter>
    </ClInclude>
    <ClInclude Include="..\..\sys\queue.h">
      <Filter>Header Files\sys</Filter>
    </ClInclude>
  </ItemGroup>
  <ItemGroup>
    <ClCompile Include="..\..\net\bpf.c">
      <Filter>Source Files\net</Filter>
    </ClCompile>
    <ClCompile Include="..\..\net\if.c">
      <Filter>Source Files\net</Filter>
    </ClCompile>
    <ClCompile Include="..\..\net\if_ethersubr.c">
      <Filter>Source Files\net</Filter>
    </ClCompile>
    <ClCompile Include="..\..\net\if_loop.c">
      <Filter>Source Files\net</Filter>
    </ClCompile>
    <ClCompile Include="..\..\net\if_sl.c">
      <Filter>Source Files\net</Filter>
    </ClCompile>
    <ClCompile Include="..\..\net\slcompress.c">
      <Filter>Source Files\net</Filter>
    </ClCompile>
    <ClCompile Include="..\..\netinet\in.c">
      <Filter>Source Files\netinet</Filter>
    </ClCompile>
    <ClCompile Include="..\..\kern\uipc_mbuf.c">
      <Filter>Source Files\kern</Filter>
    </ClCompile>
    <ClCompile Include="..\..\kern\init_main.c">
      <Filter>Source Files\kern</Filter>
    </ClCompile>
    <ClCompile Include="..\..\hp300\dev\if_le.c">
      <Filter>Source Files\hp300\dev</Filter>
    </ClCompile>
    <ClCompile Include="..\..\main.c">
      <Filter>Source Files\test</Filter>
    </ClCompile>
    <ClCompile Include="..\..\test.c">
      <Filter>Source Files\test</Filter>
    </ClCompile>
    <ClCompile Include="..\..\net\radix.c">
      <Filter>Source Files\net</Filter>
    </ClCompile>
    <ClCompile Include="..\..\net\route.c">
      <Filter>Source Files\net</Filter>
    </ClCompile>
    <ClCompile Include="..\..\kern\uipc_proto.c">
      <Filter>Source Files\kern</Filter>
    </ClCompile>
    <ClCompile Include="..\..\kern\uipc_domain.c">
      <Filter>Source Files\kern</Filter>
    </ClCompile>
    <ClCompile Include="..\..\netinet\ip_input.c">
      <Filter>Source Files\netinet</Filter>
    </ClCompile>
    <ClCompile Include="..\..\netinet\if_ether.c">
      <Filter>Source Files\netinet</Filter>
    </ClCompile>
    <ClCompile Include="..\..\kern\kern_clock.c">
      <Filter>Source Files\kern</Filter>
    </ClCompile>
    <ClCompile Include="..\..\kern\tty.c">
      <Filter>Source Files\kern</Filter>
    </ClCompile>
    <ClCompile Include="..\..\stand\ioctl.c">
      <Filter>Source Files\stand</Filter>
    </ClCompile>
    <ClCompile Include="..\..\kern\tty_subr.c">
      <Filter>Source Files\kern</Filter>
    </ClCompile>
    <ClCompile Include="..\..\netinet\in_proto.c">
      <Filter>Source Files\netinet</Filter>
    </ClCompile>
    <ClCompile Include="..\..\conf\param.c">
      <Filter>Source Files\conf</Filter>
    </ClCompile>
    <ClCompile Include="..\..\netinet\igmp.c">
      <Filter>Source Files\netinet</Filter>
    </ClCompile>
    <ClCompile Include="..\..\netinet\ip_icmp.c">
      <Filter>Source Files\netinet</Filter>
    </ClCompile>
    <ClCompile Include="..\..\netinet\ip_output.c">
      <Filter>Source Files\netinet</Filter>
    </ClCompile>
    <ClCompile Include="..\..\netinet\raw_ip.c">
      <Filter>Source Files\netinet</Filter>
    </ClCompile>
    <ClCompile Include="..\..\netinet\tcp_input.c">
      <Filter>Source Files\netinet</Filter>
    </ClCompile>
    <ClCompile Include="..\..\netinet\tcp_subr.c">
      <Filter>Source Files\netinet</Filter>
    </ClCompile>
    <ClCompile Include="..\..\netinet\tcp_timer.c">
      <Filter>Source Files\netinet</Filter>
    </ClCompile>
    <ClCompile Include="..\..\netinet\tcp_usrreq.c">
      <Filter>Source Files\netinet</Filter>
    </ClCompile>
    <ClCompile Include="..\..\netinet\udp_usrreq.c">
      <Filter>Source Files\netinet</Filter>
    </ClCompile>
    <ClCompile Include="..\..\netinet\ip_mroute.c">
      <Filter>Source Files\netinet</Filter>
    </ClCompile>
    <ClCompile Include="..\..\netinet\in_cksum.c">
      <Filter>Source Files\netinet</Filter>
    </ClCompile>
    <ClCompile Include="..\..\kern\kern_sysctl.c">
      <Filter>Source Files\kern</Filter>
    </ClCompile>
    <ClCompile Include="..\..\hp300\hp300\in_cksum.c">
      <Filter>Source Files\hp300\hp300</Filter>
    </ClCompile>
  </ItemGroup>
</Project>